
Microsoft Visual Studio Solution File, Format Version 12.00
# Visual Studio Version 17
VisualStudioVersion = 17.12.35527.113 d17.12
MinimumVisualStudioVersion = 10.0.40219.1
Project("{FAE04EC0-301F-11D3-BF4B-00C04F79EFBC}") = "StoreApi", "StoreApi\StoreApi.csproj", "{C2BE69DF-BCE2-459D-9981-9A1A8F8E083D}"
EndProject
Project("{FAE04EC0-301F-11D3-BF4B-00C04F79EFBC}") = "Domains", "Domains\Domains.csproj", "{0971A0CD-0C95-4E99-876B-45D4B0DF5ACD}"
EndProject
Project("{FAE04EC0-301F-11D3-BF4B-00C04F79EFBC}") = "Services", "Services\Services.csproj", "{CE3F3CD4-4168-4E64-9460-9C5853D084A0}"
EndProject
Global
	GlobalSection(SolutionConfigurationPlatforms) = preSolution
		Debug|Any CPU = Debug|Any CPU
		Release|Any CPU = Release|Any CPU
	EndGlobalSection
	GlobalSection(ProjectConfigurationPlatforms) = postSolution
		{C2BE69DF-BCE2-459D-9981-9A1A8F8E083D}.Debug|Any CPU.ActiveCfg = Debug|Any CPU
		{C2BE69DF-BCE2-459D-9981-9A1A8F8E083D}.Debug|Any CPU.Build.0 = Debug|Any CPU
		{C2BE69DF-BCE2-459D-9981-9A1A8F8E083D}.Release|Any CPU.ActiveCfg = Release|Any CPU
		{C2BE69DF-BCE2-459D-9981-9A1A8F8E083D}.Release|Any CPU.Build.0 = Release|Any CPU
		{0971A0CD-0C95-4E99-876B-45D4B0DF5ACD}.Debug|Any CPU.ActiveCfg = Debug|Any CPU
		{0971A0CD-0C95-4E99-876B-45D4B0DF5ACD}.Debug|Any CPU.Build.0 = Debug|Any CPU
		{0971A0CD-0C95-4E99-876B-45D4B0DF5ACD}.Release|Any CPU.ActiveCfg = Release|Any CPU
		{0971A0CD-0C95-4E99-876B-45D4B0DF5ACD}.Release|Any CPU.Build.0 = Release|Any CPU
		{CE3F3CD4-4168-4E64-9460-9C5853D084A0}.Debug|Any CPU.ActiveCfg = Debug|Any CPU
		{CE3F3CD4-4168-4E64-9460-9C5853D084A0}.Debug|Any CPU.Build.0 = Debug|Any CPU
		{CE3F3CD4-4168-4E64-9460-9C5853D084A0}.Release|Any CPU.ActiveCfg = Release|Any CPU
		{CE3F3CD4-4168-4E64-9460-9C5853D084A0}.Release|Any CPU.Build.0 = Release|Any CPU
	EndGlobalSection
	GlobalSection(SolutionProperties) = preSolution
		HideSolutionNode = FALSE
	EndGlobalSection
EndGlobal
